
Microsoft Visual Studio Solution File, Format Version 12.00
# Visual Studio Version 16
VisualStudioVersion = 16.0.30611.23
MinimumVisualStudioVersion = 10.0.40219.1
Project("{FAE04EC0-301F-11D3-BF4B-00C04F79EFBC}") = "ExpressJobCode", "ExpressJobCode\ExpressJobCode.csproj", "{734BADE4-3855-45E6-AFDC-F1D6513CA496}"
EndProject
Global
	GlobalSection(SolutionConfigurationPlatforms) = preSolution
		Debug|Any CPU = Debug|Any CPU
		Release|Any CPU = Release|Any CPU
	EndGlobalSection
	GlobalSection(ProjectConfigurationPlatforms) = postSolution
		{734BADE4-3855-45E6-AFDC-F1D6513CA496}.Debug|Any CPU.ActiveCfg = Debug|Any CPU
		{734BADE4-3855-45E6-AFDC-F1D6513CA496}.Debug|Any CPU.Build.0 = Debug|Any CPU
		{734BADE4-3855-45E6-AFDC-F1D6513CA496}.Release|Any CPU.ActiveCfg = Release|Any CPU
		{734BADE4-3855-45E6-AFDC-F1D6513CA496}.Release|Any CPU.Build.0 = Release|Any CPU
	EndGlobalSection
	GlobalSection(SolutionProperties) = preSolution
		HideSolutionNode = FALSE
	EndGlobalSection
	GlobalSection(ExtensibilityGlobals) = postSolution
		SolutionGuid = {319AAA10-D4E2-4292-8E41-C20C86E888BF}
	EndGlobalSection
EndGlobal
