
Microsoft Visual Studio Solution File, Format Version 12.00
# Visual Studio Version 16
VisualStudioVersion = 16.0.30611.23
MinimumVisualStudioVersion = 10.0.40219.1
Project("{FAE04EC0-301F-11D3-BF4B-00C04F79EFBC}") = "ExpressJobCode", "ExpressJobCode\ExpressJobCode.csproj", "{734BADE4-3855-45E6-AFDC-F1D6513CA496}"
EndProject
Project("{FAE04EC0-301F-11D3-BF4B-00C04F79EFBC}") = "ExpressJobDatos", "ExpressJobDatos\ExpressJobDatos.csproj", "{EA12FECA-87AF-4B5E-A382-B1E0E5D8925A}"
EndProject
Project("{FAE04EC0-301F-11D3-BF4B-00C04F79EFBC}") = "ExpressJobDominio", "ExpressJobDominio\ExpressJobDominio.csproj", "{68F651A7-993E-405F-9620-E3863B5BAA92}"
EndProject
Project("{F184B08F-C81C-45F6-A57F-5ABD9991F28F}") = "ExpressJobServicios", "ExpressJobServicios\ExpressJobServicios.vbproj", "{EC7137AD-CE29-4214-98A2-D7808A19C468}"
EndProject
Global
	GlobalSection(SolutionConfigurationPlatforms) = preSolution
		Debug|Any CPU = Debug|Any CPU
		Release|Any CPU = Release|Any CPU
	EndGlobalSection
	GlobalSection(ProjectConfigurationPlatforms) = postSolution
		{734BADE4-3855-45E6-AFDC-F1D6513CA496}.Debug|Any CPU.ActiveCfg = Debug|Any CPU
		{734BADE4-3855-45E6-AFDC-F1D6513CA496}.Debug|Any CPU.Build.0 = Debug|Any CPU
		{734BADE4-3855-45E6-AFDC-F1D6513CA496}.Release|Any CPU.ActiveCfg = Release|Any CPU
		{734BADE4-3855-45E6-AFDC-F1D6513CA496}.Release|Any CPU.Build.0 = Release|Any CPU
		{EA12FECA-87AF-4B5E-A382-B1E0E5D8925A}.Debug|Any CPU.ActiveCfg = Debug|Any CPU
		{EA12FECA-87AF-4B5E-A382-B1E0E5D8925A}.Debug|Any CPU.Build.0 = Debug|Any CPU
		{EA12FECA-87AF-4B5E-A382-B1E0E5D8925A}.Release|Any CPU.ActiveCfg = Release|Any CPU
		{EA12FECA-87AF-4B5E-A382-B1E0E5D8925A}.Release|Any CPU.Build.0 = Release|Any CPU
		{68F651A7-993E-405F-9620-E3863B5BAA92}.Debug|Any CPU.ActiveCfg = Debug|Any CPU
		{68F651A7-993E-405F-9620-E3863B5BAA92}.Debug|Any CPU.Build.0 = Debug|Any CPU
		{68F651A7-993E-405F-9620-E3863B5BAA92}.Release|Any CPU.ActiveCfg = Release|Any CPU
		{68F651A7-993E-405F-9620-E3863B5BAA92}.Release|Any CPU.Build.0 = Release|Any CPU
		{EC7137AD-CE29-4214-98A2-D7808A19C468}.Debug|Any CPU.ActiveCfg = Debug|Any CPU
		{EC7137AD-CE29-4214-98A2-D7808A19C468}.Debug|Any CPU.Build.0 = Debug|Any CPU
		{EC7137AD-CE29-4214-98A2-D7808A19C468}.Release|Any CPU.ActiveCfg = Release|Any CPU
		{EC7137AD-CE29-4214-98A2-D7808A19C468}.Release|Any CPU.Build.0 = Release|Any CPU
	EndGlobalSection
	GlobalSection(SolutionProperties) = preSolution
		HideSolutionNode = FALSE
	EndGlobalSection
	GlobalSection(ExtensibilityGlobals) = postSolution
		SolutionGuid = {319AAA10-D4E2-4292-8E41-C20C86E888BF}
	EndGlobalSection
EndGlobal
